Microsoft Visual Studio Solution File, Format Version 12.00
# Visual Studio Version 17
VisualStudioVersion = 17.7.34024.191
MinimumVisualStudioVersion = 10.0.40219.1
Project("{9A19103F-16F7-4668-BE54-9A1E7A4F7556}") = "MVCProject", "MVCProject\MVCProject.csproj", "{56BE574F-AE5B-4537-B26F-AA8F66D1161D}"
EndProject
Project("{FAE04EC0-301F-11D3-BF4B-00C04F79EFBC}") = "Bulky.DataAccess", "Bulky.DataAccess\Bulky.DataAccess.csproj", "{57AB0246-3FCC-48DF-BE8B-A59A369CD15A}"
EndProject
Project("{FAE04EC0-301F-11D3-BF4B-00C04F79EFBC}") = "Bulky.Models", "Bulky.Models\Bulky.Models.csproj", "{EDC093CE-2268-45F6-BB50-086602B6D0F5}"
EndProject
Project("{FAE04EC0-301F-11D3-BF4B-00C04F79EFBC}") = "Bulky.Utility", "Bulky.Utility\Bulky.Utility.csproj", "{9E1C0F73-E833-400B-939B-C7D42C1EDD23}"
EndProject
Global
	GlobalSection(SolutionConfigurationPlatforms) = preSolution
		Debug|Any CPU = Debug|Any CPU
		Release|Any CPU = Release|Any CPU
	EndGlobalSection
	GlobalSection(ProjectConfigurationPlatforms) = postSolution
		{56BE574F-AE5B-4537-B26F-AA8F66D1161D}.Debug|Any CPU.ActiveCfg = Debug|Any CPU
		{56BE574F-AE5B-4537-B26F-AA8F66D1161D}.Debug|Any CPU.Build.0 = Debug|Any CPU
		{56BE574F-AE5B-4537-B26F-AA8F66D1161D}.Release|Any CPU.ActiveCfg = Release|Any CPU
		{56BE574F-AE5B-4537-B26F-AA8F66D1161D}.Release|Any CPU.Build.0 = Release|Any CPU
		{57AB0246-3FCC-48DF-BE8B-A59A369CD15A}.Debug|Any CPU.ActiveCfg = Debug|Any CPU
		{57AB0246-3FCC-48DF-BE8B-A59A369CD15A}.Debug|Any CPU.Build.0 = Debug|Any CPU
		{57AB0246-3FCC-48DF-BE8B-A59A369CD15A}.Release|Any CPU.ActiveCfg = Release|Any CPU
		{57AB0246-3FCC-48DF-BE8B-A59A369CD15A}.Release|Any CPU.Build.0 = Release|Any CPU
		{EDC093CE-2268-45F6-BB50-086602B6D0F5}.Debug|Any CPU.ActiveCfg = Debug|Any CPU
		{EDC093CE-2268-45F6-BB50-086602B6D0F5}.Debug|Any CPU.Build.0 = Debug|Any CPU
		{EDC093CE-2268-45F6-BB50-086602B6D0F5}.Release|Any CPU.ActiveCfg = Release|Any CPU
		{EDC093CE-2268-45F6-BB50-086602B6D0F5}.Release|Any CPU.Build.0 = Release|Any CPU
		{9E1C0F73-E833-400B-939B-C7D42C1EDD23}.Debug|Any CPU.ActiveCfg = Debug|Any CPU
		{9E1C0F73-E833-400B-939B-C7D42C1EDD23}.Debug|Any CPU.Build.0 = Debug|Any CPU
		{9E1C0F73-E833-400B-939B-C7D42C1EDD23}.Release|Any CPU.ActiveCfg = Release|Any CPU
		{9E1C0F73-E833-400B-939B-C7D42C1EDD23}.Release|Any CPU.Build.0 = Release|Any CPU
	EndGlobalSection
	GlobalSection(SolutionProperties) = preSolution
		HideSolutionNode = FALSE
	EndGlobalSection
	GlobalSection(ExtensibilityGlobals) = postSolution
		SolutionGuid = {135A93CD-8D1F-4E8A-8C36-19969A8F4C39}
	EndGlobalSection
EndGlobal
